// !$*UTF8*$!
{
	archiveVersion = 1;
	classes = {
	};
	objectVersion = 50;
	objects = {

/* Begin PBXBuildFile section */
		33DA2EFE23B7DE2E00D300C3 /* OnBoarding.storyboard in Resources */ = {isa = PBXBuildFile; fileRef = 33DA2EFD23B7DE2E00D300C3 /* OnBoarding.storyboard */; };
		33DA2F0023B7E20F00D300C3 /* OnBoardingViewController.swift in Sources */ = {isa = PBXBuildFile; fileRef = 33DA2EFF23B7E20F00D300C3 /* OnBoardingViewController.swift */; };
		33DA2F0223B7E79700D300C3 /* TabBarViewController.swift in Sources */ = {isa = PBXBuildFile; fileRef = 33DA2F0123B7E79700D300C3 /* TabBarViewController.swift */; };
		BD8BE9FB2391D24F0063A357 /* AppDelegate.swift in Sources */ = {isa = PBXBuildFile; fileRef = BD8BE9FA2391D24F0063A357 /* AppDelegate.swift */; };
		BD8BE9FD2391D24F0063A357 /* SceneDelegate.swift in Sources */ = {isa = PBXBuildFile; fileRef = BD8BE9FC2391D24F0063A357 /* SceneDelegate.swift */; };
		BD8BEA022391D24F0063A357 /* Main.storyboard in Resources */ = {isa = PBXBuildFile; fileRef = BD8BEA002391D24F0063A357 /* Main.storyboard */; };
		BD8BEA052391D24F0063A357 /* MyGames.xcdatamodeld in Sources */ = {isa = PBXBuildFile; fileRef = BD8BEA032391D24F0063A357 /* MyGames.xcdatamodeld */; };
		BD8BEA072391D2500063A357 /* Assets.xcassets in Resources */ = {isa = PBXBuildFile; fileRef = BD8BEA062391D2500063A357 /* Assets.xcassets */; };
		BD8BEA0A2391D2500063A357 /* LaunchScreen.storyboard in Resources */ = {isa = PBXBuildFile; fileRef = BD8BEA082391D2500063A357 /* LaunchScreen.storyboard */; };
		BDB1602F2391E651006CFA59 /* GamesTableViewController.swift in Sources */ = {isa = PBXBuildFile; fileRef = BDB1602E2391E651006CFA59 /* GamesTableViewController.swift */; };
		BDB160312391F047006CFA59 /* ConsolesTableViewController.swift in Sources */ = {isa = PBXBuildFile; fileRef = BDB160302391F047006CFA59 /* ConsolesTableViewController.swift */; };
		BDB160332391F095006CFA59 /* GameViewController.swift in Sources */ = {isa = PBXBuildFile; fileRef = BDB160322391F095006CFA59 /* GameViewController.swift */; };
		BDB160352391F0A8006CFA59 /* GameInputViewController.swift in Sources */ = {isa = PBXBuildFile; fileRef = BDB160342391F0A8006CFA59 /* GameInputViewController.swift */; };
		BDB160382391F134006CFA59 /* GameTableViewCell.swift in Sources */ = {isa = PBXBuildFile; fileRef = BDB160372391F134006CFA59 /* GameTableViewCell.swift */; };
		BDB1603A23929EE7006CFA59 /* ViewController+CoreData.swift in Sources */ = {isa = PBXBuildFile; fileRef = BDB1603923929EE7006CFA59 /* ViewController+CoreData.swift */; };
		BDB1603C2392AED8006CFA59 /* ConsolesManager.swift in Sources */ = {isa = PBXBuildFile; fileRef = BDB1603B2392AED8006CFA59 /* ConsolesManager.swift */; };
		BDB160422392E262006CFA59 /* ConsoleInputViewController.swift in Sources */ = {isa = PBXBuildFile; fileRef = BDB160412392E262006CFA59 /* ConsoleInputViewController.swift */; };
		BDB160462392F8EE006CFA59 /* UIView.swift in Sources */ = {isa = PBXBuildFile; fileRef = BDB160452392F8EE006CFA59 /* UIView.swift */; };
/* End PBXBuildFile section */

/* Begin PBXFileReference section */
		33DA2EFD23B7DE2E00D300C3 /* OnBoarding.storyboard */ = {isa = PBXFileReference; lastKnownFileType = file.storyboard; path = OnBoarding.storyboard; sourceTree = "<group>"; };
		33DA2EFF23B7E20F00D300C3 /* OnBoardingViewController.swift */ = {isa = PBXFileReference; lastKnownFileType = sourcecode.swift; path = OnBoardingViewController.swift; sourceTree = "<group>"; };
		33DA2F0123B7E79700D300C3 /* TabBarViewController.swift */ = {isa = PBXFileReference; lastKnownFileType = sourcecode.swift; path = TabBarViewController.swift; sourceTree = "<group>"; };
		BD8BE9F72391D24F0063A357 /* MyGames.app */ = {isa = PBXFileReference; explicitFileType = wrapper.application; includeInIndex = 0; path = MyGames.app; sourceTree = BUILT_PRODUCTS_DIR; };
		BD8BE9FA2391D24F0063A357 /* AppDelegate.swift */ = {isa = PBXFileReference; lastKnownFileType = sourcecode.swift; path = AppDelegate.swift; sourceTree = "<group>"; };
		BD8BE9FC2391D24F0063A357 /* SceneDelegate.swift */ = {isa = PBXFileReference; lastKnownFileType = sourcecode.swift; path = SceneDelegate.swift; sourceTree = "<group>"; };
		BD8BEA012391D24F0063A357 /* Base */ = {isa = PBXFileReference; lastKnownFileType = file.storyboard; name = Base; path = Base.lproj/Main.storyboard; sourceTree = "<group>"; };
		BD8BEA042391D24F0063A357 /* MyGames.xcdatamodel */ = {isa = PBXFileReference; lastKnownFileType = wrapper.xcdatamodel; path = MyGames.xcdatamodel; sourceTree = "<group>"; };
		BD8BEA062391D2500063A357 /* Assets.xcassets */ = {isa = PBXFileReference; lastKnownFileType = folder.assetcatalog; path = Assets.xcassets; sourceTree = "<group>"; };
		BD8BEA092391D2500063A357 /* Base */ = {isa = PBXFileReference; lastKnownFileType = file.storyboard; name = Base; path = Base.lproj/LaunchScreen.storyboard; sourceTree = "<group>"; };
		BD8BEA0B2391D2500063A357 /* Info.plist */ = {isa = PBXFileReference; lastKnownFileType = text.plist.xml; path = Info.plist; sourceTree = "<group>"; };
		BDB1602E2391E651006CFA59 /* GamesTableViewController.swift */ = {isa = PBXFileReference; lastKnownFileType = sourcecode.swift; path = GamesTableViewController.swift; sourceTree = "<group>"; };
		BDB160302391F047006CFA59 /* ConsolesTableViewController.swift */ = {isa = PBXFileReference; lastKnownFileType = sourcecode.swift; path = ConsolesTableViewController.swift; sourceTree = "<group>"; };
		BDB160322391F095006CFA59 /* GameViewController.swift */ = {isa = PBXFileReference; lastKnownFileType = sourcecode.swift; path = GameViewController.swift; sourceTree = "<group>"; };
		BDB160342391F0A8006CFA59 /* GameInputViewController.swift */ = {isa = PBXFileReference; lastKnownFileType = sourcecode.swift; path = GameInputViewController.swift; sourceTree = "<group>"; };
		BDB160372391F134006CFA59 /* GameTableViewCell.swift */ = {isa = PBXFileReference; lastKnownFileType = sourcecode.swift; path = GameTableViewCell.swift; sourceTree = "<group>"; };
		BDB1603923929EE7006CFA59 /* ViewController+CoreData.swift */ = {isa = PBXFileReference; lastKnownFileType = sourcecode.swift; path = "ViewController+CoreData.swift"; sourceTree = "<group>"; };
		BDB1603B2392AED8006CFA59 /* ConsolesManager.swift */ = {isa = PBXFileReference; lastKnownFileType = sourcecode.swift; path = ConsolesManager.swift; sourceTree = "<group>"; };
		BDB160412392E262006CFA59 /* ConsoleInputViewController.swift */ = {isa = PBXFileReference; fileEncoding = 4; lastKnownFileType = sourcecode.swift; path = ConsoleInputViewController.swift; sourceTree = "<group>"; };
		BDB160452392F8EE006CFA59 /* UIView.swift */ = {isa = PBXFileReference; lastKnownFileType = sourcecode.swift; path = UIView.swift; sourceTree = "<group>"; };
/* End PBXFileReference section */

/* Begin PBXFrameworksBuildPhase section */
		BD8BE9F42391D24F0063A357 /* Frameworks */ = {
			isa = PBXFrameworksBuildPhase;
			buildActionMask = 2147483647;
			files = (
			);
			runOnlyForDeploymentPostprocessing = 0;
		};
/* End PBXFrameworksBuildPhase section */

/* Begin PBXGroup section */
		33DA2EFC23B7DE1900D300C3 /* onBoarding */ = {
			isa = PBXGroup;
			children = (
				33DA2EFD23B7DE2E00D300C3 /* OnBoarding.storyboard */,
				33DA2EFF23B7E20F00D300C3 /* OnBoardingViewController.swift */,
			);
			path = onBoarding;
			sourceTree = "<group>";
		};
		BD8BE9EE2391D24E0063A357 = {
			isa = PBXGroup;
			children = (
				BD8BE9F92391D24F0063A357 /* MyGames */,
				BD8BE9F82391D24F0063A357 /* Products */,
			);
			sourceTree = "<group>";
		};
		BD8BE9F82391D24F0063A357 /* Products */ = {
			isa = PBXGroup;
			children = (
				BD8BE9F72391D24F0063A357 /* MyGames.app */,
			);
			name = Products;
			sourceTree = "<group>";
		};
		BD8BE9F92391D24F0063A357 /* MyGames */ = {
			isa = PBXGroup;
			children = (
				33DA2EFC23B7DE1900D300C3 /* onBoarding */,
				BD8BEA0B2391D2500063A357 /* Info.plist */,
				BDB160442392F78B006CFA59 /* projectFiles */,
				BDB1602D2391E626006CFA59 /* controllers */,
				BDB160432392F75D006CFA59 /* extensions */,
				BDB1602C2391E609006CFA59 /* views */,
			);
			path = MyGames;
			sourceTree = "<group>";
		};
		BDB1602C2391E609006CFA59 /* views */ = {
			isa = PBXGroup;
			children = (
				BD8BEA002391D24F0063A357 /* Main.storyboard */,
				BD8BEA082391D2500063A357 /* LaunchScreen.storyboard */,
			);
			path = views;
			sourceTree = "<group>";
		};
		BDB1602D2391E626006CFA59 /* controllers */ = {
			isa = PBXGroup;
			children = (
				BDB160362391F0EB006CFA59 /* cells */,
				BDB160412392E262006CFA59 /* ConsoleInputViewController.swift */,
				BDB1603B2392AED8006CFA59 /* ConsolesManager.swift */,
				BDB160302391F047006CFA59 /* ConsolesTableViewController.swift */,
				BDB160342391F0A8006CFA59 /* GameInputViewController.swift */,
				BDB1602E2391E651006CFA59 /* GamesTableViewController.swift */,
				BDB160322391F095006CFA59 /* GameViewController.swift */,
				33DA2F0123B7E79700D300C3 /* TabBarViewController.swift */,
			);
			path = controllers;
			sourceTree = "<group>";
		};
		BDB160362391F0EB006CFA59 /* cells */ = {
			isa = PBXGroup;
			children = (
				BDB160372391F134006CFA59 /* GameTableViewCell.swift */,
			);
			path = cells;
			sourceTree = "<group>";
		};
		BDB160432392F75D006CFA59 /* extensions */ = {
			isa = PBXGroup;
			children = (
				BDB1603923929EE7006CFA59 /* ViewController+CoreData.swift */,
				BDB160452392F8EE006CFA59 /* UIView.swift */,
			);
			path = extensions;
			sourceTree = "<group>";
		};
		BDB160442392F78B006CFA59 /* projectFiles */ = {
			isa = PBXGroup;
			children = (
				BD8BE9FA2391D24F0063A357 /* AppDelegate.swift */,
				BD8BE9FC2391D24F0063A357 /* SceneDelegate.swift */,
				BD8BEA062391D2500063A357 /* Assets.xcassets */,
				BD8BEA032391D24F0063A357 /* MyGames.xcdatamodeld */,
			);
			path = projectFiles;
			sourceTree = "<group>";
		};
/* End PBXGroup section */

/* Begin PBXNativeTarget section */
		BD8BE9F62391D24F0063A357 /* MyGames */ = {
			isa = PBXNativeTarget;
			buildConfigurationList = BD8BEA0E2391D2500063A357 /* Build configuration list for PBXNativeTarget "MyGames" */;
			buildPhases = (
				BD8BE9F32391D24F0063A357 /* Sources */,
				BD8BE9F42391D24F0063A357 /* Frameworks */,
				BD8BE9F52391D24F0063A357 /* Resources */,
			);
			buildRules = (
			);
			dependencies = (
			);
			name = MyGames;
			productName = MyGames;
			productReference = BD8BE9F72391D24F0063A357 /* MyGames.app */;
			productType = "com.apple.product-type.application";
		};
/* End PBXNativeTarget section */

/* Begin PBXProject section */
		BD8BE9EF2391D24E0063A357 /* Project object */ = {
			isa = PBXProject;
			attributes = {
				LastSwiftUpdateCheck = 1120;
				LastUpgradeCheck = 1120;
				ORGANIZATIONNAME = "Fabio Estudo";
				TargetAttributes = {
					BD8BE9F62391D24F0063A357 = {
						CreatedOnToolsVersion = 11.2.1;
					};
				};
			};
			buildConfigurationList = BD8BE9F22391D24E0063A357 /* Build configuration list for PBXProject "MyGames" */;
			compatibilityVersion = "Xcode 9.3";
			developmentRegion = en;
			hasScannedForEncodings = 0;
			knownRegions = (
				en,
				Base,
			);
			mainGroup = BD8BE9EE2391D24E0063A357;
			productRefGroup = BD8BE9F82391D24F0063A357 /* Products */;
			projectDirPath = "";
			projectRoot = "";
			targets = (
				BD8BE9F62391D24F0063A357 /* MyGames */,
			);
		};
/* End PBXProject section */

/* Begin PBXResourcesBuildPhase section */
		BD8BE9F52391D24F0063A357 /* Resources */ = {
			isa = PBXResourcesBuildPhase;
			buildActionMask = 2147483647;
			files = (
				BD8BEA0A2391D2500063A357 /* LaunchScreen.storyboard in Resources */,
				BD8BEA072391D2500063A357 /* Assets.xcassets in Resources */,
				BD8BEA022391D24F0063A357 /* Main.storyboard in Resources */,
				33DA2EFE23B7DE2E00D300C3 /* OnBoarding.storyboard in Resources */,
			);
			runOnlyForDeploymentPostprocessing = 0;
		};
/* End PBXResourcesBuildPhase section */

/* Begin PBXSourcesBuildPhase section */
		BD8BE9F32391D24F0063A357 /* Sources */ = {
			isa = PBXSourcesBuildPhase;
			buildActionMask = 2147483647;
			files = (
				BD8BE9FB2391D24F0063A357 /* AppDelegate.swift in Sources */,
				BDB160352391F0A8006CFA59 /* GameInputViewController.swift in Sources */,
				BDB1602F2391E651006CFA59 /* GamesTableViewController.swift in Sources */,
				BD8BE9FD2391D24F0063A357 /* SceneDelegate.swift in Sources */,
				33DA2F0223B7E79700D300C3 /* TabBarViewController.swift in Sources */,
				BDB160462392F8EE006CFA59 /* UIView.swift in Sources */,
				BD8BEA052391D24F0063A357 /* MyGames.xcdatamodeld in Sources */,
				33DA2F0023B7E20F00D300C3 /* OnBoardingViewController.swift in Sources */,
				BDB1603A23929EE7006CFA59 /* ViewController+CoreData.swift in Sources */,
				BDB160332391F095006CFA59 /* GameViewController.swift in Sources */,
				BDB1603C2392AED8006CFA59 /* ConsolesManager.swift in Sources */,
				BDB160312391F047006CFA59 /* ConsolesTableViewController.swift in Sources */,
				BDB160382391F134006CFA59 /* GameTableViewCell.swift in Sources */,
				BDB160422392E262006CFA59 /* ConsoleInputViewController.swift in Sources */,
			);
			runOnlyForDeploymentPostprocessing = 0;
		};
/* End PBXSourcesBuildPhase section */

/* Begin PBXVariantGroup section */
		BD8BEA002391D24F0063A357 /* Main.storyboard */ = {
			isa = PBXVariantGroup;
			children = (
				BD8BEA012391D24F0063A357 /* Base */,
			);
			name = Main.storyboard;
			sourceTree = "<group>";
		};
		BD8BEA082391D2500063A357 /* LaunchScreen.storyboard */ = {
			isa = PBXVariantGroup;
			children = (
				BD8BEA092391D2500063A357 /* Base */,
			);
			name = LaunchScreen.storyboard;
			sourceTree = "<group>";
		};
/* End PBXVariantGroup section */

/* Begin XCBuildConfiguration section */
		BD8BEA0C2391D2500063A357 /* Debug */ = {
			isa = XCBuildConfiguration;
			buildSettings = {
				ALWAYS_SEARCH_USER_PATHS = NO;
				CLANG_ANALYZER_NONNULL = YES;
				CLANG_ANALYZER_NUMBER_OBJECT_CONVERSION = YES_AGGRESSIVE;
				CLANG_CXX_LANGUAGE_STANDARD = "gnu++14";
				CLANG_CXX_LIBRARY = "libc++";
				CLANG_ENABLE_MODULES = YES;
				CLANG_ENABLE_OBJC_ARC = YES;
				CLANG_ENABLE_OBJC_WEAK = YES;
				CLANG_WARN_BLOCK_CAPTURE_AUTORELEASING = YES;
				CLANG_WARN_BOOL_CONVERSION = YES;
				CLANG_WARN_COMMA = YES;
				CLANG_WARN_CONSTANT_CONVERSION = YES;
				CLANG_WARN_DEPRECATED_OBJC_IMPLEMENTATIONS = YES;
				CLANG_WARN_DIRECT_OBJC_ISA_USAGE = YES_ERROR;
				CLANG_WARN_DOCUMENTATION_COMMENTS = YES;
				CLANG_WARN_EMPTY_BODY = YES;
				CLANG_WARN_ENUM_CONVERSION = YES;
				CLANG_WARN_INFINITE_RECURSION = YES;
				CLANG_WARN_INT_CONVERSION = YES;
				CLANG_WARN_NON_LITERAL_NULL_CONVERSION = YES;
				CLANG_WARN_OBJC_IMPLICIT_RETAIN_SELF = YES;
				CLANG_WARN_OBJC_LITERAL_CONVERSION = YES;
				CLANG_WARN_OBJC_ROOT_CLASS = YES_ERROR;
				CLANG_WARN_RANGE_LOOP_ANALYSIS = YES;
				CLANG_WARN_STRICT_PROTOTYPES = YES;
				CLANG_WARN_SUSPICIOUS_MOVE = YES;
				CLANG_WARN_UNGUARDED_AVAILABILITY = YES_AGGRESSIVE;
				CLANG_WARN_UNREACHABLE_CODE = YES;
				CLANG_WARN__DUPLICATE_METHOD_MATCH = YES;
				COPY_PHASE_STRIP = NO;
				DEBUG_INFORMATION_FORMAT = dwarf;
				ENABLE_STRICT_OBJC_MSGSEND = YES;
				ENABLE_TESTABILITY = YES;
				GCC_C_LANGUAGE_STANDARD = gnu11;
				GCC_DYNAMIC_NO_PIC = NO;
				GCC_NO_COMMON_BLOCKS = YES;
				GCC_OPTIMIZATION_LEVEL = 0;
				GCC_PREPROCESSOR_DEFINITIONS = (
					"DEBUG=1",
					"$(inherited)",
				);
				GCC_WARN_64_TO_32_BIT_CONVERSION = YES;
				GCC_WARN_ABOUT_RETURN_TYPE = YES_ERROR;
				GCC_WARN_UNDECLARED_SELECTOR = YES;
				GCC_WARN_UNINITIALIZED_AUTOS = YES_AGGRESSIVE;
				GCC_WARN_UNUSED_FUNCTION = YES;
				GCC_WARN_UNUSED_VARIABLE = YES;
				IPHONEOS_DEPLOYMENT_TARGET = 13.2;
				MTL_ENABLE_DEBUG_INFO = INCLUDE_SOURCE;
				MTL_FAST_MATH = YES;
				ONLY_ACTIVE_ARCH = YES;
				SDKROOT = iphoneos;
				SWIFT_ACTIVE_COMPILATION_CONDITIONS = DEBUG;
				SWIFT_OPTIMIZATION_LEVEL = "-Onone";
			};
			name = Debug;
		};
		BD8BEA0D2391D2500063A357 /* Release */ = {
			isa = XCBuildConfiguration;
			buildSettings = {
				ALWAYS_SEARCH_USER_PATHS = NO;
				CLANG_ANALYZER_NONNULL = YES;
				CLANG_ANALYZER_NUMBER_OBJECT_CONVERSION = YES_AGGRESSIVE;
				CLANG_CXX_LANGUAGE_STANDARD = "gnu++14";
				CLANG_CXX_LIBRARY = "libc++";
				CLANG_ENABLE_MODULES = YES;
				CLANG_ENABLE_OBJC_ARC = YES;
				CLANG_ENABLE_OBJC_WEAK = YES;
				CLANG_WARN_BLOCK_CAPTURE_AUTORELEASING = YES;
				CLANG_WARN_BOOL_CONVERSION = YES;
				CLANG_WARN_COMMA = YES;
				CLANG_WARN_CONSTANT_CONVERSION = YES;
				CLANG_WARN_DEPRECATED_OBJC_IMPLEMENTATIONS = YES;
				CLANG_WARN_DIRECT_OBJC_ISA_USAGE = YES_ERROR;
				CLANG_WARN_DOCUMENTATION_COMMENTS = YES;
				CLANG_WARN_EMPTY_BODY = YES;
				CLANG_WARN_ENUM_CONVERSION = YES;
				CLANG_WARN_INFINITE_RECURSION = YES;
				CLANG_WARN_INT_CONVERSION = YES;
				CLANG_WARN_NON_LITERAL_NULL_CONVERSION = YES;
				CLANG_WARN_OBJC_IMPLICIT_RETAIN_SELF = YES;
				CLANG_WARN_OBJC_LITERAL_CONVERSION = YES;
				CLANG_WARN_OBJC_ROOT_CLASS = YES_ERROR;
				CLANG_WARN_RANGE_LOOP_ANALYSIS = YES;
				CLANG_WARN_STRICT_PROTOTYPES = YES;
				CLANG_WARN_SUSPICIOUS_MOVE = YES;
				CLANG_WARN_UNGUARDED_AVAILABILITY = YES_AGGRESSIVE;
				CLANG_WARN_UNREACHABLE_CODE = YES;
				CLANG_WARN__DUPLICATE_METHOD_MATCH = YES;
				COPY_PHASE_STRIP = NO;
				DEBUG_INFORMATION_FORMAT = "dwarf-with-dsym";
				ENABLE_NS_ASSERTIONS = NO;
				ENABLE_STRICT_OBJC_MSGSEND = YES;
				GCC_C_LANGUAGE_STANDARD = gnu11;
				GCC_NO_COMMON_BLOCKS = YES;
				GCC_WARN_64_TO_32_BIT_CONVERSION = YES;
				GCC_WARN_ABOUT_RETURN_TYPE = YES_ERROR;
				GCC_WARN_UNDECLARED_SELECTOR = YES;
				GCC_WARN_UNINITIALIZED_AUTOS = YES_AGGRESSIVE;
				GCC_WARN_UNUSED_FUNCTION = YES;
				GCC_WARN_UNUSED_VARIABLE = YES;
				IPHONEOS_DEPLOYMENT_TARGET = 13.2;
				MTL_ENABLE_DEBUG_INFO = NO;
				MTL_FAST_MATH = YES;
				SDKROOT = iphoneos;
				SWIFT_COMPILATION_MODE = wholemodule;
				SWIFT_OPTIMIZATION_LEVEL = "-O";
				VALIDATE_PRODUCT = YES;
			};
			name = Release;
		};
		BD8BEA0F2391D2500063A357 /* Debug */ = {
			isa = XCBuildConfiguration;
			buildSettings = {
				CODE_SIGN_STYLE = Automatic;
				DEVELOPMENT_TEAM = 2U4635Z85E;
				INFOPLIST_FILE = MyGames/Info.plist;
				LD_RUNPATH_SEARCH_PATHS = (
					"$(inherited)",
					"@executable_path/Frameworks",
				);
				PRODUCT_BUNDLE_IDENTIFIER = fabiolindemberg.MyGames;
				PRODUCT_NAME = "$(TARGET_NAME)";
				SWIFT_VERSION = 5.0;
				TARGETED_DEVICE_FAMILY = 1;
			};
			name = Debug;
		};
		BD8BEA102391D2500063A357 /* Release */ = {
			isa = XCBuildConfiguration;
			buildSettings = {
				CODE_SIGN_STYLE = Automatic;
				DEVELOPMENT_TEAM = 2U4635Z85E;
				INFOPLIST_FILE = MyGames/Info.plist;
				LD_RUNPATH_SEARCH_PATHS = (
					"$(inherited)",
					"@executable_path/Frameworks",
				);
				PRODUCT_BUNDLE_IDENTIFIER = fabiolindemberg.MyGames;
				PRODUCT_NAME = "$(TARGET_NAME)";
				SWIFT_VERSION = 5.0;
				TARGETED_DEVICE_FAMILY = 1;
			};
			name = Release;
		};
/* End XCBuildConfiguration section */

/* Begin XCConfigurationList section */
		BD8BE9F22391D24E0063A357 /* Build configuration list for PBXProject "MyGames" */ = {
			isa = XCConfigurationList;
			buildConfigurations = (
				BD8BEA0C2391D2500063A357 /* Debug */,
				BD8BEA0D2391D2500063A357 /* Release */,
			);
			defaultConfigurationIsVisible = 0;
			defaultConfigurationName = Release;
		};
		BD8BEA0E2391D2500063A357 /* Build configuration list for PBXNativeTarget "MyGames" */ = {
			isa = XCConfigurationList;
			buildConfigurations = (
				BD8BEA0F2391D2500063A357 /* Debug */,
				BD8BEA102391D2500063A357 /* Release */,
			);
			defaultConfigurationIsVisible = 0;
			defaultConfigurationName = Release;
		};
/* End XCConfigurationList section */

/* Begin XCVersionGroup section */
		BD8BEA032391D24F0063A357 /* MyGames.xcdatamodeld */ = {
			isa = XCVersionGroup;
			children = (
				BD8BEA042391D24F0063A357 /* MyGames.xcdatamodel */,
			);
			currentVersion = BD8BEA042391D24F0063A357 /* MyGames.xcdatamodel */;
			path = MyGames.xcdatamodeld;
			sourceTree = "<group>";
			versionGroupType = wrapper.xcdatamodel;
		};
/* End XCVersionGroup section */
	};
	rootObject = BD8BE9EF2391D24E0063A357 /* Project object */;
}
